// !$*UTF8*$!
{
	archiveVersion = 1;
	classes = {
	};
	objectVersion = 46;
	objects = {

/* Begin PBXBuildFile section */
		4807CA941EFA8022002FB829 /* AppDelegate.swift in Sources */ = {isa = PBXBuildFile; fileRef = 4807CA931EFA8022002FB829 /* AppDelegate.swift */; };
		4807CA961EFA8022002FB829 /* ViewController.swift in Sources */ = {isa = PBXBuildFile; fileRef = 4807CA951EFA8022002FB829 /* ViewController.swift */; };
		4807CA991EFA8022002FB829 /* Main.storyboard in Resources */ = {isa = PBXBuildFile; fileRef = 4807CA971EFA8022002FB829 /* Main.storyboard */; };
		4807CA9B1EFA8022002FB829 /* Assets.xcassets in Resources */ = {isa = PBXBuildFile; fileRef = 4807CA9A1EFA8022002FB829 /* Assets.xcassets */; };
		4807CA9E1EFA8022002FB829 /* LaunchScreen.storyboard in Resources */ = {isa = PBXBuildFile; fileRef = 4807CA9C1EFA8022002FB829 /* LaunchScreen.storyboard */; };
		4807CAA91EFA8022002FB829 /* mircale_pillTests.swift in Sources */ = {isa = PBXBuildFile; fileRef = 4807CAA81EFA8022002FB829 /* mircale_pillTests.swift */; };
		4807CAB41EFA8022002FB829 /* mircale_pillUITests.swift in Sources */ = {isa = PBXBuildFile; fileRef = 4807CAB31EFA8022002FB829 /* mircale_pillUITests.swift */; };
/* End PBXBuildFile section */

/* Begin PBXContainerItemProxy section */
		4807CAA51EFA8022002FB829 /* PBXContainerItemProxy */ = {
			isa = PBXContainerItemProxy;
			containerPortal = 4807CA881EFA8022002FB829 /* Project object */;
			proxyType = 1;
			remoteGlobalIDString = 4807CA8F1EFA8022002FB829;
			remoteInfo = "mircale-pill";
		};
		4807CAB01EFA8022002FB829 /* PBXContainerItemProxy */ = {
			isa = PBXContainerItemProxy;
			containerPortal = 4807CA881EFA8022002FB829 /* Project object */;
			proxyType = 1;
			remoteGlobalIDString = 4807CA8F1EFA8022002FB829;
			remoteInfo = "mircale-pill";
		};
/* End PBXContainerItemProxy section */

/* Begin PBXFileReference section */
		4807CA901EFA8022002FB829 /* mircale-pill.app */ = {isa = PBXFileReference; explicitFileType = wrapper.application; includeInIndex = 0; path = "mircale-pill.app"; sourceTree = BUILT_PRODUCTS_DIR; };
		4807CA931EFA8022002FB829 /* AppDelegate.swift */ = {isa = PBXFileReference; lastKnownFileType = sourcecode.swift; path = AppDelegate.swift; sourceTree = "<group>"; };
		4807CA951EFA8022002FB829 /* ViewController.swift */ = {isa = PBXFileReference; lastKnownFileType = sourcecode.swift; path = ViewController.swift; sourceTree = "<group>"; };
		4807CA981EFA8022002FB829 /* Base */ = {isa = PBXFileReference; lastKnownFileType = file.storyboard; name = Base; path = Base.lproj/Main.storyboard; sourceTree = "<group>"; };
		4807CA9A1EFA8022002FB829 /* Assets.xcassets */ = {isa = PBXFileReference; lastKnownFileType = folder.assetcatalog; path = Assets.xcassets; sourceTree = "<group>"; };
		4807CA9D1EFA8022002FB829 /* Base */ = {isa = PBXFileReference; lastKnownFileType = file.storyboard; name = Base; path = Base.lproj/LaunchScreen.storyboard; sourceTree = "<group>"; };
		4807CA9F1EFA8022002FB829 /* Info.plist */ = {isa = PBXFileReference; lastKnownFileType = text.plist.xml; path = Info.plist; sourceTree = "<group>"; };
		4807CAA41EFA8022002FB829 /* mircale-pillTests.xctest */ = {isa = PBXFileReference; explicitFileType = wrapper.cfbundle; includeInIndex = 0; path = "mircale-pillTests.xctest"; sourceTree = BUILT_PRODUCTS_DIR; };
		4807CAA81EFA8022002FB829 /* mircale_pillTests.swift */ = {isa = PBXFileReference; lastKnownFileType = sourcecode.swift; path = mircale_pillTests.swift; sourceTree = "<group>"; };
		4807CAAA1EFA8022002FB829 /* Info.plist */ = {isa = PBXFileReference; lastKnownFileType = text.plist.xml; path = Info.plist; sourceTree = "<group>"; };
		4807CAAF1EFA8022002FB829 /* mircale-pillUITests.xctest */ = {isa = PBXFileReference; explicitFileType = wrapper.cfbundle; includeInIndex = 0; path = "mircale-pillUITests.xctest"; sourceTree = BUILT_PRODUCTS_DIR; };
		4807CAB31EFA8022002FB829 /* mircale_pillUITests.swift */ = {isa = PBXFileReference; lastKnownFileType = sourcecode.swift; path = mircale_pillUITests.swift; sourceTree = "<group>"; };
		4807CAB51EFA8022002FB829 /* Info.plist */ = {isa = PBXFileReference; lastKnownFileType = text.plist.xml; path = Info.plist; sourceTree = "<group>"; };
/* End PBXFileReference section */

/* Begin PBXFrameworksBuildPhase section */
		4807CA8D1EFA8022002FB829 /* Frameworks */ = {
			isa = PBXFrameworksBuildPhase;
			buildActionMask = 2147483647;
			files = (
			);
			runOnlyForDeploymentPostprocessing = 0;
		};
		4807CAA11EFA8022002FB829 /* Frameworks */ = {
			isa = PBXFrameworksBuildPhase;
			buildActionMask = 2147483647;
			files = (
			);
			runOnlyForDeploymentPostprocessing = 0;
		};
		4807CAAC1EFA8022002FB829 /* Frameworks */ = {
			isa = PBXFrameworksBuildPhase;
			buildActionMask = 2147483647;
			files = (
			);
			runOnlyForDeploymentPostprocessing = 0;
		};
/* End PBXFrameworksBuildPhase section */

/* Begin PBXGroup section */
		4807CA871EFA8022002FB829 = {
			isa = PBXGroup;
			children = (
				4807CA921EFA8022002FB829 /* mircale-pill */,
				4807CAA71EFA8022002FB829 /* mircale-pillTests */,
				4807CAB21EFA8022002FB829 /* mircale-pillUITests */,
				4807CA911EFA8022002FB829 /* Products */,
			);
			sourceTree = "<group>";
		};
		4807CA911EFA8022002FB829 /* Products */ = {
			isa = PBXGroup;
			children = (
				4807CA901EFA8022002FB829 /* mircale-pill.app */,
				4807CAA41EFA8022002FB829 /* mircale-pillTests.xctest */,
				4807CAAF1EFA8022002FB829 /* mircale-pillUITests.xctest */,
			);
			name = Products;
			sourceTree = "<group>";
		};
		4807CA921EFA8022002FB829 /* mircale-pill */ = {
			isa = PBXGroup;
			children = (
				4807CA931EFA8022002FB829 /* AppDelegate.swift */,
				4807CA951EFA8022002FB829 /* ViewController.swift */,
				4807CA971EFA8022002FB829 /* Main.storyboard */,
				4807CA9A1EFA8022002FB829 /* Assets.xcassets */,
				4807CA9C1EFA8022002FB829 /* LaunchScreen.storyboard */,
				4807CA9F1EFA8022002FB829 /* Info.plist */,
			);
			path = "mircale-pill";
			sourceTree = "<group>";
		};
		4807CAA71EFA8022002FB829 /* mircale-pillTests */ = {
			isa = PBXGroup;
			children = (
				4807CAA81EFA8022002FB829 /* mircale_pillTests.swift */,
				4807CAAA1EFA8022002FB829 /* Info.plist */,
			);
			path = "mircale-pillTests";
			sourceTree = "<group>";
		};
		4807CAB21EFA8022002FB829 /* mircale-pillUITests */ = {
			isa = PBXGroup;
			children = (
				4807CAB31EFA8022002FB829 /* mircale_pillUITests.swift */,
				4807CAB51EFA8022002FB829 /* Info.plist */,
			);
			path = "mircale-pillUITests";
			sourceTree = "<group>";
		};
/* End PBXGroup section */

/* Begin PBXNativeTarget section */
		4807CA8F1EFA8022002FB829 /* mircale-pill */ = {
			isa = PBXNativeTarget;
			buildConfigurationList = 4807CAB81EFA8022002FB829 /* Build configuration list for PBXNativeTarget "mircale-pill" */;
			buildPhases = (
				4807CA8C1EFA8022002FB829 /* Sources */,
				4807CA8D1EFA8022002FB829 /* Frameworks */,
				4807CA8E1EFA8022002FB829 /* Resources */,
			);
			buildRules = (
			);
			dependencies = (
			);
			name = "mircale-pill";
			productName = "mircale-pill";
			productReference = 4807CA901EFA8022002FB829 /* mircale-pill.app */;
			productType = "com.apple.product-type.application";
		};
		4807CAA31EFA8022002FB829 /* mircale-pillTests */ = {
			isa = PBXNativeTarget;
			buildConfigurationList = 4807CABB1EFA8022002FB829 /* Build configuration list for PBXNativeTarget "mircale-pillTests" */;
			buildPhases = (
				4807CAA01EFA8022002FB829 /* Sources */,
				4807CAA11EFA8022002FB829 /* Frameworks */,
				4807CAA21EFA8022002FB829 /* Resources */,
			);
			buildRules = (
			);
			dependencies = (
				4807CAA61EFA8022002FB829 /* PBXTargetDependency */,
			);
			name = "mircale-pillTests";
			productName = "mircale-pillTests";
			productReference = 4807CAA41EFA8022002FB829 /* mircale-pillTests.xctest */;
			productType = "com.apple.product-type.bundle.unit-test";
		};
		4807CAAE1EFA8022002FB829 /* mircale-pillUITests */ = {
			isa = PBXNativeTarget;
			buildConfigurationList = 4807CABE1EFA8022002FB829 /* Build configuration list for PBXNativeTarget "mircale-pillUITests" */;
			buildPhases = (
				4807CAAB1EFA8022002FB829 /* Sources */,
				4807CAAC1EFA8022002FB829 /* Frameworks */,
				4807CAAD1EFA8022002FB829 /* Resources */,
			);
			buildRules = (
			);
			dependencies = (
				4807CAB11EFA8022002FB829 /* PBXTargetDependency */,
			);
			name = "mircale-pillUITests";
			productName = "mircale-pillUITests";
			productReference = 4807CAAF1EFA8022002FB829 /* mircale-pillUITests.xctest */;
			productType = "com.apple.product-type.bundle.ui-testing";
		};
/* End PBXNativeTarget section */

/* Begin PBXProject section */
		4807CA881EFA8022002FB829 /* Project object */ = {
			isa = PBXProject;
			attributes = {
				LastSwiftUpdateCheck = 0800;
				LastUpgradeCheck = 0800;
				ORGANIZATIONNAME = "amir masoud mohtaji";
				TargetAttributes = {
					4807CA8F1EFA8022002FB829 = {
						CreatedOnToolsVersion = 8.0;
						ProvisioningStyle = Automatic;
					};
					4807CAA31EFA8022002FB829 = {
						CreatedOnToolsVersion = 8.0;
						ProvisioningStyle = Automatic;
						TestTargetID = 4807CA8F1EFA8022002FB829;
					};
					4807CAAE1EFA8022002FB829 = {
						CreatedOnToolsVersion = 8.0;
						ProvisioningStyle = Automatic;
						TestTargetID = 4807CA8F1EFA8022002FB829;
					};
				};
			};
			buildConfigurationList = 4807CA8B1EFA8022002FB829 /* Build configuration list for PBXProject "mircale-pill" */;
			compatibilityVersion = "Xcode 3.2";
			developmentRegion = English;
			hasScannedForEncodings = 0;
			knownRegions = (
				en,
				Base,
			);
			mainGroup = 4807CA871EFA8022002FB829;
			productRefGroup = 4807CA911EFA8022002FB829 /* Products */;
			projectDirPath = "";
			projectRoot = "";
			targets = (
				4807CA8F1EFA8022002FB829 /* mircale-pill */,
				4807CAA31EFA8022002FB829 /* mircale-pillTests */,
				4807CAAE1EFA8022002FB829 /* mircale-pillUITests */,
			);
		};
/* End PBXProject section */

/* Begin PBXResourcesBuildPhase section */
		4807CA8E1EFA8022002FB829 /* Resources */ = {
			isa = PBXResourcesBuildPhase;
			buildActionMask = 2147483647;
			files = (
				4807CA9E1EFA8022002FB829 /* LaunchScreen.storyboard in Resources */,
				4807CA9B1EFA8022002FB829 /* Assets.xcassets in Resources */,
				4807CA991EFA8022002FB829 /* Main.storyboard in Resources */,
			);
			runOnlyForDeploymentPostprocessing = 0;
		};
		4807CAA21EFA8022002FB829 /* Resources */ = {
			isa = PBXResourcesBuildPhase;
			buildActionMask = 2147483647;
			files = (
			);
			runOnlyForDeploymentPostprocessing = 0;
		};
		4807CAAD1EFA8022002FB829 /* Resources */ = {
			isa = PBXResourcesBuildPhase;
			buildActionMask = 2147483647;
			files = (
			);
			runOnlyForDeploymentPostprocessing = 0;
		};
/* End PBXResourcesBuildPhase section */

/* Begin PBXSourcesBuildPhase section */
		4807CA8C1EFA8022002FB829 /* Sources */ = {
			isa = PBXSourcesBuildPhase;
			buildActionMask = 2147483647;
			files = (
				4807CA961EFA8022002FB829 /* ViewController.swift in Sources */,
				4807CA941EFA8022002FB829 /* AppDelegate.swift in Sources */,
			);
			runOnlyForDeploymentPostprocessing = 0;
		};
		4807CAA01EFA8022002FB829 /* Sources */ = {
			isa = PBXSourcesBuildPhase;
			buildActionMask = 2147483647;
			files = (
				4807CAA91EFA8022002FB829 /* mircale_pillTests.swift in Sources */,
			);
			runOnlyForDeploymentPostprocessing = 0;
		};
		4807CAAB1EFA8022002FB829 /* Sources */ = {
			isa = PBXSourcesBuildPhase;
			buildActionMask = 2147483647;
			files = (
				4807CAB41EFA8022002FB829 /* mircale_pillUITests.swift in Sources */,
			);
			runOnlyForDeploymentPostprocessing = 0;
		};
/* End PBXSourcesBuildPhase section */

/* Begin PBXTargetDependency section */
		4807CAA61EFA8022002FB829 /* PBXTargetDependency */ = {
			isa = PBXTargetDependency;
			target = 4807CA8F1EFA8022002FB829 /* mircale-pill */;
			targetProxy = 4807CAA51EFA8022002FB829 /* PBXContainerItemProxy */;
		};
		4807CAB11EFA8022002FB829 /* PBXTargetDependency */ = {
			isa = PBXTargetDependency;
			target = 4807CA8F1EFA8022002FB829 /* mircale-pill */;
			targetProxy = 4807CAB01EFA8022002FB829 /* PBXContainerItemProxy */;
		};
/* End PBXTargetDependency section */

/* Begin PBXVariantGroup section */
		4807CA971EFA8022002FB829 /* Main.storyboard */ = {
			isa = PBXVariantGroup;
			children = (
				4807CA981EFA8022002FB829 /* Base */,
			);
			name = Main.storyboard;
			sourceTree = "<group>";
		};
		4807CA9C1EFA8022002FB829 /* LaunchScreen.storyboard */ = {
			isa = PBXVariantGroup;
			children = (
				4807CA9D1EFA8022002FB829 /* Base */,
			);
			name = LaunchScreen.storyboard;
			sourceTree = "<group>";
		};
/* End PBXVariantGroup section */

/* Begin XCBuildConfiguration section */
		4807CAB61EFA8022002FB829 /* Debug */ = {
			isa = XCBuildConfiguration;
			buildSettings = {
				ALWAYS_SEARCH_USER_PATHS = NO;
				CLANG_ANALYZER_NONNULL = YES;
				CLANG_CXX_LANGUAGE_STANDARD = "gnu++0x";
				CLANG_CXX_LIBRARY = "libc++";
				CLANG_ENABLE_MODULES = YES;
				CLANG_ENABLE_OBJC_ARC = YES;
				CLANG_WARN_BOOL_CONVERSION = YES;
				CLANG_WARN_CONSTANT_CONVERSION = YES;
				CLANG_WARN_DIRECT_OBJC_ISA_USAGE = YES_ERROR;
				CLANG_WARN_DOCUMENTATION_COMMENTS = YES;
				CLANG_WARN_EMPTY_BODY = YES;
				CLANG_WARN_ENUM_CONVERSION = YES;
				CLANG_WARN_INFINITE_RECURSION = YES;
				CLANG_WARN_INT_CONVERSION = YES;
				CLANG_WARN_OBJC_ROOT_CLASS = YES_ERROR;
				CLANG_WARN_SUSPICIOUS_MOVES = YES;
				CLANG_WARN_UNREACHABLE_CODE = YES;
				CLANG_WARN__DUPLICATE_METHOD_MATCH = YES;
				"CODE_SIGN_IDENTITY[sdk=iphoneos*]" = "iPhone Developer";
				COPY_PHASE_STRIP = NO;
				DEBUG_INFORMATION_FORMAT = dwarf;
				ENABLE_STRICT_OBJC_MSGSEND = YES;
				ENABLE_TESTABILITY = YES;
				GCC_C_LANGUAGE_STANDARD = gnu99;
				GCC_DYNAMIC_NO_PIC = NO;
				GCC_NO_COMMON_BLOCKS = YES;
				GCC_OPTIMIZATION_LEVEL = 0;
				GCC_PREPROCESSOR_DEFINITIONS = (
					"DEBUG=1",
					"$(inherited)",
				);
				GCC_WARN_64_TO_32_BIT_CONVERSION = YES;
				GCC_WARN_ABOUT_RETURN_TYPE = YES_ERROR;
				GCC_WARN_UNDECLARED_SELECTOR = YES;
				GCC_WARN_UNINITIALIZED_AUTOS = YES_AGGRESSIVE;
				GCC_WARN_UNUSED_FUNCTION = YES;
				GCC_WARN_UNUSED_VARIABLE = YES;
				IPHONEOS_DEPLOYMENT_TARGET = 10.0;
				MTL_ENABLE_DEBUG_INFO = YES;
				ONLY_ACTIVE_ARCH = YES;
				SDKROOT = iphoneos;
				SWIFT_ACTIVE_COMPILATION_CONDITIONS = DEBUG;
				SWIFT_OPTIMIZATION_LEVEL = "-Onone";
				TARGETED_DEVICE_FAMILY = "1,2";
			};
			name = Debug;
		};
		4807CAB71EFA8022002FB829 /* Release */ = {
			isa = XCBuildConfiguration;
			buildSettings = {
				ALWAYS_SEARCH_USER_PATHS = NO;
				CLANG_ANALYZER_NONNULL = YES;
				CLANG_CXX_LANGUAGE_STANDARD = "gnu++0x";
				CLANG_CXX_LIBRARY = "libc++";
				CLANG_ENABLE_MODULES = YES;
				CLANG_ENABLE_OBJC_ARC = YES;
				CLANG_WARN_BOOL_CONVERSION = YES;
				CLANG_WARN_CONSTANT_CONVERSION = YES;
				CLANG_WARN_DIRECT_OBJC_ISA_USAGE = YES_ERROR;
				CLANG_WARN_DOCUMENTATION_COMMENTS = YES;
				CLANG_WARN_EMPTY_BODY = YES;
				CLANG_WARN_ENUM_CONVERSION = YES;
				CLANG_WARN_INFINITE_RECURSION = YES;
				CLANG_WARN_INT_CONVERSION = YES;
				CLANG_WARN_OBJC_ROOT_CLASS = YES_ERROR;
				CLANG_WARN_SUSPICIOUS_MOVES = YES;
				CLANG_WARN_UNREACHABLE_CODE = YES;
				CLANG_WARN__DUPLICATE_METHOD_MATCH = YES;
				"CODE_SIGN_IDENTITY[sdk=iphoneos*]" = "iPhone Developer";
				COPY_PHASE_STRIP = NO;
				DEBUG_INFORMATION_FORMAT = "dwarf-with-dsym";
				ENABLE_NS_ASSERTIONS = NO;
				ENABLE_STRICT_OBJC_MSGSEND = YES;
				GCC_C_LANGUAGE_STANDARD = gnu99;
				GCC_NO_COMMON_BLOCKS = YES;
				GCC_WARN_64_TO_32_BIT_CONVERSION = YES;
				GCC_WARN_ABOUT_RETURN_TYPE = YES_ERROR;
				GCC_WARN_UNDECLARED_SELECTOR = YES;
				GCC_WARN_UNINITIALIZED_AUTOS = YES_AGGRESSIVE;
				GCC_WARN_UNUSED_FUNCTION = YES;
				GCC_WARN_UNUSED_VARIABLE = YES;
				IPHONEOS_DEPLOYMENT_TARGET = 10.0;
				MTL_ENABLE_DEBUG_INFO = NO;
				SDKROOT = iphoneos;
				SWIFT_OPTIMIZATION_LEVEL = "-Owholemodule";
				TARGETED_DEVICE_FAMILY = "1,2";
				VALIDATE_PRODUCT = YES;
			};
			name = Release;
		};
		4807CAB91EFA8022002FB829 /* Debug */ = {
			isa = XCBuildConfiguration;
			buildSettings = {
				ASSETCATALOG_COMPILER_APPICON_NAME = AppIcon;
				INFOPLIST_FILE = "mircale-pill/Info.plist";
				LD_RUNPATH_SEARCH_PATHS = "$(inherited) @executable_path/Frameworks";
				PRODUCT_BUNDLE_IDENTIFIER = "com.am-mohtaji.mircale-pill";
				PRODUCT_NAME = "$(TARGET_NAME)";
				SWIFT_VERSION = 3.0;
			};
			name = Debug;
		};
		4807CABA1EFA8022002FB829 /* Release */ = {
			isa = XCBuildConfiguration;
			buildSettings = {
				ASSETCATALOG_COMPILER_APPICON_NAME = AppIcon;
				INFOPLIST_FILE = "mircale-pill/Info.plist";
				LD_RUNPATH_SEARCH_PATHS = "$(inherited) @executable_path/Frameworks";
				PRODUCT_BUNDLE_IDENTIFIER = "com.am-mohtaji.mircale-pill";
				PRODUCT_NAME = "$(TARGET_NAME)";
				SWIFT_VERSION = 3.0;
			};
			name = Release;
		};
		4807CABC1EFA8022002FB829 /* Debug */ = {
			isa = XCBuildConfiguration;
			buildSettings = {
				ALWAYS_EMBED_SWIFT_STANDARD_LIBRARIES = YES;
				BUNDLE_LOADER = "$(TEST_HOST)";
				INFOPLIST_FILE = "mircale-pillTests/Info.plist";
				LD_RUNPATH_SEARCH_PATHS = "$(inherited) @executable_path/Frameworks @loader_path/Frameworks";
				PRODUCT_BUNDLE_IDENTIFIER = "com.am-mohtaji.mircale-pillTests";
				PRODUCT_NAME = "$(TARGET_NAME)";
				SWIFT_VERSION = 3.0;
				TEST_HOST = "$(BUILT_PRODUCTS_DIR)/mircale-pill.app/mircale-pill";
			};
			name = Debug;
		};
		4807CABD1EFA8022002FB829 /* Release */ = {
			isa = XCBuildConfiguration;
			buildSettings = {
				ALWAYS_EMBED_SWIFT_STANDARD_LIBRARIES = YES;
				BUNDLE_LOADER = "$(TEST_HOST)";
				INFOPLIST_FILE = "mircale-pillTests/Info.plist";
				LD_RUNPATH_SEARCH_PATHS = "$(inherited) @executable_path/Frameworks @loader_path/Frameworks";
				PRODUCT_BUNDLE_IDENTIFIER = "com.am-mohtaji.mircale-pillTests";
				PRODUCT_NAME = "$(TARGET_NAME)";
				SWIFT_VERSION = 3.0;
				TEST_HOST = "$(BUILT_PRODUCTS_DIR)/mircale-pill.app/mircale-pill";
			};
			name = Release;
		};
		4807CABF1EFA8022002FB829 /* Debug */ = {
			isa = XCBuildConfiguration;
			buildSettings = {
				ALWAYS_EMBED_SWIFT_STANDARD_LIBRARIES = YES;
				INFOPLIST_FILE = "mircale-pillUITests/Info.plist";
				LD_RUNPATH_SEARCH_PATHS = "$(inherited) @executable_path/Frameworks @loader_path/Frameworks";
				PRODUCT_BUNDLE_IDENTIFIER = "com.am-mohtaji.mircale-pillUITests";
				PRODUCT_NAME = "$(TARGET_NAME)";
				SWIFT_VERSION = 3.0;
				TEST_TARGET_NAME = "mircale-pill";
			};
			name = Debug;
		};
		4807CAC01EFA8022002FB829 /* Release */ = {
			isa = XCBuildConfiguration;
			buildSettings = {
				ALWAYS_EMBED_SWIFT_STANDARD_LIBRARIES = YES;
				INFOPLIST_FILE = "mircale-pillUITests/Info.plist";
				LD_RUNPATH_SEARCH_PATHS = "$(inherited) @executable_path/Frameworks @loader_path/Frameworks";
				PRODUCT_BUNDLE_IDENTIFIER = "com.am-mohtaji.mircale-pillUITests";
				PRODUCT_NAME = "$(TARGET_NAME)";
				SWIFT_VERSION = 3.0;
				TEST_TARGET_NAME = "mircale-pill";
			};
			name = Release;
		};
/* End XCBuildConfiguration section */

/* Begin XCConfigurationList section */
		4807CA8B1EFA8022002FB829 /* Build configuration list for PBXProject "mircale-pill" */ = {
			isa = XCConfigurationList;
			buildConfigurations = (
				4807CAB61EFA8022002FB829 /* Debug */,
				4807CAB71EFA8022002FB829 /* Release */,
			);
			defaultConfigurationIsVisible = 0;
			defaultConfigurationName = Release;
		};
		4807CAB81EFA8022002FB829 /* Build configuration list for PBXNativeTarget "mircale-pill" */ = {
			isa = XCConfigurationList;
			buildConfigurations = (
				4807CAB91EFA8022002FB829 /* Debug */,
				4807CABA1EFA8022002FB829 /* Release */,
			);
			defaultConfigurationIsVisible = 0;
		};
		4807CABB1EFA8022002FB829 /* Build configuration list for PBXNativeTarget "mircale-pillTests" */ = {
			isa = XCConfigurationList;
			buildConfigurations = (
				4807CABC1EFA8022002FB829 /* Debug */,
				4807CABD1EFA8022002FB829 /* Release */,
			);
			defaultConfigurationIsVisible = 0;
		};
		4807CABE1EFA8022002FB829 /* Build configuration list for PBXNativeTarget "mircale-pillUITests" */ = {
			isa = XCConfigurationList;
			buildConfigurations = (
				4807CABF1EFA8022002FB829 /* Debug */,
				4807CAC01EFA8022002FB829 /* Release */,
			);
			defaultConfigurationIsVisible = 0;
		};
/* End XCConfigurationList section */
	};
	rootObject = 4807CA881EFA8022002FB829 /* Project object */;
}
